Microsoft Visual Studio Solution File, Format Version 12.00
# Visual Studio Version 17
VisualStudioVersion = 17.5.2.0
MinimumVisualStudioVersion = 10.0.40219.1
Project("{FAE04EC0-301F-11D3-BF4B-00C04F79EFBC}") = "ContactBook", "ContactBook.csproj", "{A1633699-1342-9D5D-8049-5E3A692222B5}"
EndProject
Global
	GlobalSection(SolutionConfigurationPlatforms) = preSolution
		Debug|Any CPU = Debug|Any CPU
		Release|Any CPU = Release|Any CPU
	EndGlobalSection
	GlobalSection(ProjectConfigurationPlatforms) = postSolution
		{A1633699-1342-9D5D-8049-5E3A692222B5}.Debug|Any CPU.ActiveCfg = Debug|Any CPU
		{A1633699-1342-9D5D-8049-5E3A692222B5}.Debug|Any CPU.Build.0 = Debug|Any CPU
		{A1633699-1342-9D5D-8049-5E3A692222B5}.Release|Any CPU.ActiveCfg = Release|Any CPU
		{A1633699-1342-9D5D-8049-5E3A692222B5}.Release|Any CPU.Build.0 = Release|Any CPU
	EndGlobalSection
	GlobalSection(SolutionProperties) = preSolution
		HideSolutionNode = FALSE
	EndGlobalSection
	GlobalSection(ExtensibilityGlobals) = postSolution
		SolutionGuid = {8F87281C-4CCD-46C5-B4CF-CE45ADE89CF5}
	EndGlobalSection
EndGlobal
